
Microsoft Visual Studio Solution File, Format Version 12.00
# Visual Studio Version 16
VisualStudioVersion = 16.0.31410.357
MinimumVisualStudioVersion = 10.0.40219.1
Project("{9A19103F-16F7-4668-BE54-9A1E7A4F7556}") = "SmartGarden", "Smart Garden\SmartGarden.csproj", "{B84B850E-E935-4BBC-AFC7-09F814910A17}"
EndProject
Global
	GlobalSection(SolutionConfigurationPlatforms) = preSolution
		Debug|Any CPU = Debug|Any CPU
		Release|Any CPU = Release|Any CPU
	EndGlobalSection
	GlobalSection(ProjectConfigurationPlatforms) = postSolution
		{B84B850E-E935-4BBC-AFC7-09F814910A17}.Debug|Any CPU.ActiveCfg = Debug|Any CPU
		{B84B850E-E935-4BBC-AFC7-09F814910A17}.Debug|Any CPU.Build.0 = Debug|Any CPU
		{B84B850E-E935-4BBC-AFC7-09F814910A17}.Release|Any CPU.ActiveCfg = Release|Any CPU
		{B84B850E-E935-4BBC-AFC7-09F814910A17}.Release|Any CPU.Build.0 = Release|Any CPU
	EndGlobalSection
	GlobalSection(SolutionProperties) = preSolution
		HideSolutionNode = FALSE
	EndGlobalSection
	GlobalSection(ExtensibilityGlobals) = postSolution
		SolutionGuid = {09745E35-61C2-4448-AD4D-A55EB8216687}
	EndGlobalSection
EndGlobal
